<?xml version="1.0" encoding="utf-8"?>
<Project ToolsVersion="4.0" xmlns="http://schemas.microsoft.com/developer/msbuild/2003">
  <ItemGroup>
    <FxCompile Include="res\shaders\CubeMapShader.hlsl" />
    <FxCompile Include="res\shaders\deferred\DirectionalLightShader.hlsl" />
    <FxCompile Include="res\shaders\deferred\DynBlockInstancedGeometryShader.hlsl" />
    <FxCompile Include="res\shaders\deferred\GeometryShader.hlsl" />
    <FxCompile Include="res\shaders\deferred\InstancedGeometryShader.hlsl" />
    <FxCompile Include="res\shaders\deferred\PointLightShader.hlsl" />
    <FxCompile Include="res\shaders\DepthShader.hlsl" />
    <FxCompile Include="res\shaders\DirectionalLightShader.hlsl" />
    <FxCompile Include="res\shaders\instanced\ParticleShader.hlsl" />
    <FxCompile Include="res\shaders\MaterialShader.hlsl" />
    <FxCompile Include="res\shaders\noiseSimplex.hlsl" />
    <FxCompile Include="res\shaders\Phong.hlsl" />
    <FxCompile Include="res\shaders\postprocess\BrightnessCutoffShader.hlsl" />
    <FxCompile Include="res\shaders\postprocess\DepthOfField.hlsl" />
    <FxCompile Include="res\shaders\postprocess\FXAAShader.hlsl" />
    <FxCompile Include="res\shaders\postprocess\GaussianBlurCS.hlsl" />
    <FxCompile Include="res\shaders\postprocess\GaussianBlurPS.hlsl" />
    <FxCompile Include="res\shaders\postprocess\GaussianBlurWithDepthCheck.hlsl" />
    <FxCompile Include="res\shaders\postprocess\PostProcessFlushShader.hlsl" />
    <FxCompile Include="res\shaders\postprocess\SimpleDepthOfField.hlsl" />
    <FxCompile Include="res\shaders\postprocess\ToneMapHack.hlsl" />
    <FxCompile Include="res\shaders\SimpleColorShader.hlsl" />
    <FxCompile Include="res\shaders\SimpleTextureShader.hlsl" />
    <FxCompile Include="res\shaders\postprocess\BlendShader.hlsl" />
  </ItemGroup>
  <ItemGroup>
    <ClCompile Include="src\game\gamemodes\deathmatch\Deathmatch.cpp" />
    <ClCompile Include="src\game\background\ScoreVisualization.cpp" />
    <ClCompile Include="src\game\GameInfo.cpp" />
    <ClCompile Include="src\game\gamemodes\tdm\TeamDeathmatch.cpp" />
    <ClCompile Include="src\game\objects\Menu\MenuSelector.cpp" />
    <ClCompile Include="src\game\objects\Menu\MenuHandler.cpp" />
    <ClCompile Include="src\game\objects\Menu\MenuText.cpp" />
    <ClCompile Include="src\game\objects\upgrades\AutoFireUpgrade.cpp" />
    <ClCompile Include="src\game\collision\CollisionHandler.cpp" />
    <ClCompile Include="src\game\gamemodes\Gamemode.cpp" />
    <ClCompile Include="src\game\gamemodes\payload\ControlNode.cpp" />
    <ClCompile Include="src\game\gamemodes\payload\PayloadGamemode.cpp" />
    <ClCompile Include="src\game\CharacterHandler.cpp" />
    <ClCompile Include="src\game\ParticleHandler.cpp" />
    <ClCompile Include="src\game\states\PauseState.cpp" />
    <ClCompile Include="src\game\objects\menu\MenuItem.cpp" />
    <ClCompile Include="src\game\states\MenuState.cpp" />
    <ClCompile Include="src\game\Game.cpp" />
    <ClCompile Include="src\game\objects\Character.cpp" />
    <ClCompile Include="src\game\level\Grid.cpp" />
    <ClCompile Include="src\game\level\Level.cpp" />
    <ClCompile Include="src\game\objects\Block.cpp" />
    <ClCompile Include="src\game\objects\common\Moveable.cpp" />
    <ClCompile Include="src\game\objects\common\Object.cpp" />
    <ClCompile Include="src\game\objects\Hook.cpp" />
    <ClCompile Include="src\game\objects\Projectile.cpp" />
    <ClCompile Include="src\game\objects\Weapon.cpp" />
    <ClCompile Include="src\game\ProjectileHandler.cpp" />
    <ClCompile Include="src\game\states\GameState.cpp" />
    <ClCompile Include="src\game\states\ScoreState.cpp" />
    <ClCompile Include="src\Main.cpp" />
    <ClCompile Include="src\game\PlayerCameraController.cpp" />
    <ClCompile Include="src\sail\Application.cpp" />
    <ClCompile Include="src\sail\DXManager.cpp" />
    <ClCompile Include="src\sail\graphics\camera\FlyingCameraController.cpp" />
    <ClCompile Include="src\sail\graphics\geometry\Material.cpp" />
    <ClCompile Include="src\sail\graphics\geometry\Model.cpp" />
    <ClCompile Include="src\sail\graphics\geometry\spatial\AABB.cpp" />
    <ClCompile Include="src\sail\graphics\geometry\spatial\Quadtree.cpp" />
    <ClCompile Include="src\sail\graphics\Lights.cpp" />
    <ClCompile Include="src\sail\graphics\models\FbxModel.cpp" />
    <ClCompile Include="src\sail\graphics\Particle.cpp" />
    <ClCompile Include="src\sail\graphics\ParticleEmitter.cpp" />
    <ClCompile Include="src\sail\graphics\postprocessing\PostProcessPass.cpp" />
    <ClCompile Include="src\sail\graphics\postprocessing\stages\BrightnessCutoffStage.cpp" />
    <ClCompile Include="src\sail\graphics\postprocessing\stages\DOFStage.cpp" />
    <ClCompile Include="src\sail\graphics\postprocessing\stages\FXAAStage.cpp" />
    <ClCompile Include="src\sail\graphics\postprocessing\stages\GaussianDOFStage.cpp" />
    <ClCompile Include="src\sail\graphics\postprocessing\stages\HGaussianBlurDepthTest.cpp" />
    <ClCompile Include="src\sail\graphics\postprocessing\stages\HGaussianBlurStage.cpp" />
    <ClCompile Include="src\sail\graphics\postprocessing\stages\PostProcessStage.cpp" />
    <ClCompile Include="src\sail\graphics\postprocessing\stages\ToneMapHackStage.cpp" />
    <ClCompile Include="src\sail\graphics\postprocessing\stages\VGaussianBlurDepthTest.cpp" />
    <ClCompile Include="src\sail\graphics\postprocessing\stages\VGaussianBlurStage.cpp" />
    <ClCompile Include="src\sail\graphics\RenderableTexture.cpp" />
    <ClCompile Include="src\sail\graphics\renderer\DeferredRenderer.cpp" />
    <ClCompile Include="src\sail\graphics\shader\basic\CubeMapShader.cpp" />
    <ClCompile Include="src\sail\graphics\shader\basic\DepthShader.cpp" />
    <ClCompile Include="src\sail\graphics\shader\deferred\DeferredInstancedGeometryShader.cpp" />
    <ClCompile Include="src\sail\graphics\shader\deferred\DynBlockDeferredInstancedGeometryShader.cpp" />
    <ClCompile Include="src\sail\graphics\shader\instanced\ParticleShader.cpp" />
    <ClCompile Include="src\sail\graphics\shader\postprocess\GaussianBlurCShader.cpp" />
    <ClCompile Include="src\sail\graphics\shader\postprocess\PostProcessFlushShader.cpp" />
    <ClCompile Include="src\sail\graphics\shader\ComputeShader.cpp" />
    <ClCompile Include="src\sail\graphics\shader\deferred\DeferredDirectionalLightShader.cpp" />
    <ClCompile Include="src\sail\graphics\shader\deferred\DeferredGeometryShader.cpp" />
    <ClCompile Include="src\sail\graphics\shader\deferred\DeferredPointLightShader.cpp" />
    <ClCompile Include="src\sail\graphics\shader\DomainShader.cpp" />
    <ClCompile Include="src\sail\graphics\shader\GeometryShader.cpp" />
    <ClCompile Include="src\sail\graphics\shader\HullShader.cpp" />
    <ClCompile Include="src\sail\graphics\shader\material\MaterialShader.cpp" />
    <ClCompile Include="src\sail\graphics\shadows\DirLightShadowMap.cpp" />
    <ClCompile Include="src\sail\graphics\shadows\ShadowMap.cpp" />
    <ClCompile Include="src\sail\graphics\Skybox.cpp" />
    <ClCompile Include="src\sail\graphics\text\SailFont.cpp" />
    <ClCompile Include="src\sail\graphics\Scene.cpp" />
    <ClCompile Include="src\sail\graphics\shader\basic\DirectionalLightShader.cpp" />
    <ClCompile Include="src\sail\graphics\shader\basic\SimpleColorShader.cpp" />
    <ClCompile Include="src\sail\graphics\shader\basic\SimpleTextureShader.cpp" />
    <ClCompile Include="src\sail\graphics\shader\component\ConstantBuffer.cpp" />
    <ClCompile Include="src\sail\graphics\shader\component\Sampler.cpp" />
    <ClCompile Include="src\sail\graphics\shader\PixelShader.cpp" />
    <ClCompile Include="src\sail\graphics\shader\ShaderSet.cpp" />
    <ClCompile Include="src\sail\graphics\shader\VertexShader.cpp" />
    <ClCompile Include="src\sail\graphics\text\Text.cpp" />
    <ClCompile Include="src\sail\Input.cpp" />
    <ClCompile Include="src\sail\resources\audio\AmbientSound.cpp" />
    <ClCompile Include="src\sail\resources\audio\Sound.cpp" />
    <ClCompile Include="src\sail\resources\audio\SoundManager.cpp" />
    <ClCompile Include="src\sail\resources\DXCubeMap.cpp" />
    <ClCompile Include="src\sail\resources\DXTexture.cpp" />
    <ClCompile Include="src\sail\resources\loaders\TGALoader.cpp" />
    <ClCompile Include="src\sail\resources\parsers\FBXParser.cpp" />
    <ClCompile Include="src\sail\resources\ResourceManager.cpp" />
    <ClCompile Include="src\sail\resources\TextureData.cpp" />
    <ClCompile Include="src\sail\states\State.cpp" />
    <ClCompile Include="src\sail\states\StateStack.cpp" />
    <ClCompile Include="src\sail\utils\Utils.cpp" />
    <ClCompile Include="src\sail\Win32Window.cpp" />
    <ClCompile Include="src\game\objects\Upgrade.cpp" />
    <ClCompile Include="src\game\UpgradeHandler.cpp" />
    <ClCompile Include="src\game\CharacterHandler.cpp" />
    <ClCompile Include="src\game\collision\CollisionHandler.cpp" />
    <ClCompile Include="src\sail\resources\ResourceManager.cpp" />
    <ClCompile Include="src\sail\Input.cpp" />
    <ClCompile Include="src\game\gamemodes\Gamemode.cpp" />
    <ClCompile Include="src\game\gamemodes\payload\ControlNode.cpp" />
    <ClCompile Include="src\game\gamemodes\payload\PayloadGamemode.cpp" />
    <ClCompile Include="src\sail\resources\audio\SoundManager.cpp" />
    <ClCompile Include="src\sail\graphics\shader\instanced\ParticleShader.cpp" />
    <ClCompile Include="src\sail\graphics\Particle.cpp" />
    <ClCompile Include="src\sail\graphics\ParticleEmitter.cpp" />
    <ClCompile Include="src\game\ParticleHandler.cpp" />
    <ClCompile Include="src\sail\resources\audio\Sound.cpp" />
    <ClCompile Include="src\sail\resources\audio\AmbientSound.cpp" />
    <ClCompile Include="src\game\gamemodes\deathmatch\Deathmatch.cpp" />
    <ClCompile Include="src\sail\graphics\postprocessing\stages\ToneMapHackStage.cpp" />
    <ClCompile Include="src\sail\graphics\postprocessing\stages\FXAAStage.cpp" />
    <ClCompile Include="src\game\states\ScoreState.cpp" />
    <ClCompile Include="src\game\gamemodes\tdm\TeamDeathmatch.cpp" />
    <ClCompile Include="src\game\background\ScoreVisualization.cpp" />
    <ClCompile Include="src\sail\graphics\shader\deferred\DeferredInstancedGeometryShader.cpp" />
    <ClCompile Include="src\sail\graphics\shader\deferred\DynBlockDeferredInstancedGeometryShader.cpp" />
    <ClCompile Include="src\game\background\TimeVisualization.cpp" />
    <ClCompile Include="src\sail\graphics\postprocessing\stages\BlendStage.cpp" />
    <ClCompile Include="src\game\background\AnimatedTransform.cpp" />
  </ItemGroup>
  <ItemGroup>
    <ClInclude Include="src\game\background\ScoreVisualization.h" />
    <ClInclude Include="src\game\GameInfo.h" />
    <ClInclude Include="src\game\GameInfo\Profile.h" />
    <ClInclude Include="src\game\GameInfo\Score.h" />
    <ClInclude Include="src\game\gamemodes\tdm\TeamDeathmatch.h" />
    <ClInclude Include="src\game\objects\InstancedBlocks.h" />
    <ClInclude Include="src\game\objects\Menu\MenuSelector.h" />
    <ClInclude Include="src\game\objects\Menu\MenuHandler.h" />
    <ClInclude Include="src\game\objects\Menu\MenuText.h" />
    <ClInclude Include="src\game\gamemodes\deathmatch\Deathmatch.h" />
    <ClInclude Include="src\game\gamemodes\Gamemode.h" />
    <ClInclude Include="src\game\gamemodes\payload\ControlNode.h" />
    <ClInclude Include="src\game\gamemodes\payload\PayloadGamemode.h" />
    <ClInclude Include="src\game\objects\upgrades\AutoFireUpgrade.h" />
    <ClInclude Include="src\game\CharacterHandler.h" />
    <ClInclude Include="src\game\collision\CollisionHandler.h" />
    <ClInclude Include="src\game\ParticleHandler.h" />
    <ClInclude Include="src\game\states\PauseState.h" />
    <ClInclude Include="src\game\objects\menu\MenuItem.h" />
    <ClInclude Include="src\game\states\MenuState.h" />
    <ClInclude Include="src\game\Game.h" />
    <ClInclude Include="src\game\objects\Character.h" />
    <ClInclude Include="src\game\level\Grid.h" />
    <ClInclude Include="src\game\level\Level.h" />
    <ClInclude Include="src\game\objects\Block.h" />
    <ClInclude Include="src\game\objects\common\Moveable.h" />
    <ClInclude Include="src\game\objects\common\Object.h" />
    <ClInclude Include="src\game\objects\Hook.h" />
    <ClInclude Include="src\game\objects\Projectile.h" />
    <ClInclude Include="src\game\objects\Weapon.h" />
    <ClInclude Include="src\game\PlayerCameraController.h" />
    <ClInclude Include="src\game\ProjectileHandler.h" />
    <ClInclude Include="src\game\states\GameState.h" />
    <ClInclude Include="src\game\states\ScoreState.h" />
    <ClInclude Include="src\sail\Application.h" />
    <ClInclude Include="src\sail\DXManager.h" />
    <ClInclude Include="src\sail\graphics\camera\Camera.h" />
    <ClInclude Include="src\sail\graphics\camera\CameraController.h" />
    <ClInclude Include="src\sail\graphics\camera\FlyingCameraController.h" />
    <ClInclude Include="src\sail\graphics\geometry\factory\CubeModel.h" />
    <ClInclude Include="src\sail\graphics\geometry\factory\InstancedParticleModel.h" />
    <ClInclude Include="src\sail\graphics\geometry\factory\PlaneModel.h" />
    <ClInclude Include="src\sail\graphics\geometry\factory\SphereModel.h" />
    <ClInclude Include="src\sail\graphics\geometry\Material.h" />
    <ClInclude Include="src\sail\graphics\geometry\spatial\AABB.h" />
    <ClInclude Include="src\sail\graphics\geometry\spatial\Quadtree.h" />
    <ClInclude Include="src\sail\graphics\geometry\Model.h" />
    <ClInclude Include="src\sail\graphics\geometry\Transform.h" />
    <ClInclude Include="src\sail\graphics\Lights.h" />
    <ClInclude Include="src\sail\graphics\models\FbxModel.h" />
    <ClInclude Include="src\sail\graphics\camera\OrthographicCamera.h" />
    <ClInclude Include="src\sail\graphics\camera\PerspectiveCamera.h" />
    <ClInclude Include="src\sail\graphics\Particle.h" />
    <ClInclude Include="src\sail\graphics\ParticleEmitter.h" />
    <ClInclude Include="src\sail\graphics\postprocessing\PostProcessPass.h" />
    <ClInclude Include="src\sail\graphics\postprocessing\stages\BrightnessCutoffStage.h" />
    <ClInclude Include="src\sail\graphics\postprocessing\stages\DOFStage.h" />
    <ClInclude Include="src\sail\graphics\postprocessing\stages\FXAAStage.h" />
    <ClInclude Include="src\sail\graphics\postprocessing\stages\GaussianDOFStage.h" />
    <ClInclude Include="src\sail\graphics\postprocessing\stages\HGaussianBlurDepthTest.h" />
    <ClInclude Include="src\sail\graphics\postprocessing\stages\HGaussianBlurStage.h" />
    <ClInclude Include="src\sail\graphics\postprocessing\stages\ToneMapHackStage.h" />
    <ClInclude Include="src\sail\graphics\postprocessing\stages\VGaussianBlurDepthTest.h" />
    <ClInclude Include="src\sail\graphics\postprocessing\stages\VGaussianBlurStage.h" />
    <ClInclude Include="src\sail\graphics\RenderableTexture.h" />
    <ClInclude Include="src\sail\graphics\renderer\DeferredRenderer.h" />
    <ClInclude Include="src\sail\graphics\shader\basic\CubeMapShader.h" />
    <ClInclude Include="src\sail\graphics\shader\basic\DepthShader.h" />
    <ClInclude Include="src\sail\graphics\shader\deferred\DeferredInstancedGeometryShader.h" />
    <ClInclude Include="src\sail\graphics\shader\deferred\DynBlockDeferredInstancedGeometryShader.h" />
    <ClInclude Include="src\sail\graphics\shader\instanced\ParticleShader.h" />
    <ClInclude Include="src\sail\graphics\shader\postprocess\GaussianBlurCShader.h" />
    <ClInclude Include="src\sail\graphics\shader\postprocess\PostProcessFlushShader.h" />
    <ClInclude Include="src\sail\graphics\shader\ComputeShader.h" />
    <ClInclude Include="src\sail\graphics\shader\component\BindShader.h" />
    <ClInclude Include="src\sail\graphics\shader\deferred\DeferredDirectionalLightShader.h" />
    <ClInclude Include="src\sail\graphics\shader\deferred\DeferredGeometryShader.h" />
    <ClInclude Include="src\sail\graphics\shader\deferred\DeferredPointLightShader.h" />
    <ClInclude Include="src\sail\graphics\shader\DomainShader.h" />
    <ClInclude Include="src\sail\graphics\shader\GeometryShader.h" />
    <ClInclude Include="src\sail\graphics\shader\HullShader.h" />
    <ClInclude Include="src\sail\graphics\shader\material\MaterialShader.h" />
    <ClInclude Include="src\sail\graphics\postprocessing\stages\PostProcessStage.h" />
    <ClInclude Include="src\sail\graphics\shadows\DirLightShadowMap.h" />
    <ClInclude Include="src\sail\graphics\shadows\ShadowMap.h" />
    <ClInclude Include="src\sail\graphics\Skybox.h" />
    <ClInclude Include="src\sail\graphics\text\SailFont.h" />
    <ClInclude Include="src\sail\graphics\Scene.h" />
    <ClInclude Include="src\sail\graphics\shader\basic\DirectionalLightShader.h" />
    <ClInclude Include="src\sail\graphics\shader\basic\SimpleColorShader.h" />
    <ClInclude Include="src\sail\graphics\shader\basic\SimpleTextureShader.h" />
    <ClInclude Include="src\sail\graphics\shader\component\ConstantBuffer.h" />
    <ClInclude Include="src\sail\graphics\shader\component\Sampler.h" />
    <ClInclude Include="src\sail\graphics\shader\PixelShader.h" />
    <ClInclude Include="src\sail\graphics\shader\ShaderSet.h" />
    <ClInclude Include="src\sail\graphics\shader\VertexShader.h" />
    <ClInclude Include="src\sail\graphics\text\Text.h" />
    <ClInclude Include="src\sail\Input.h" />
    <ClInclude Include="src\sail\resources\audio\AmbientSound.h" />
    <ClInclude Include="src\sail\resources\audio\Sound.h" />
    <ClInclude Include="src\sail\resources\audio\SoundManager.h" />
    <ClInclude Include="src\sail\resources\DXCubeMap.h" />
    <ClInclude Include="src\sail\resources\DXTexture.h" />
    <ClInclude Include="src\sail\resources\loaders\TGALoader.h" />
    <ClInclude Include="src\sail\resources\parsers\FBXParser.h" />
    <ClInclude Include="src\sail\resources\ResourceFormat.h" />
    <ClInclude Include="src\sail\resources\ResourceManager.h" />
    <ClInclude Include="src\sail\resources\TextureData.h" />
    <ClInclude Include="src\sail\Sail.h" />
    <ClInclude Include="src\sail\states\State.h" />
    <ClInclude Include="src\sail\states\StateIdentifiers.h" />
    <ClInclude Include="src\sail\states\StateStack.h" />
    <ClInclude Include="src\sail\utils\Timer.h" />
    <ClInclude Include="src\sail\utils\Utils.h" />
    <ClInclude Include="src\sail\Win32Window.h" />
    <ClInclude Include="src\game\objects\Upgrade.h" />
    <ClInclude Include="src\game\UpgradeHandler.h" />
    <ClInclude Include="src\sail\graphics\postprocessing\stages\ToneMapHackStage.h" />
    <ClInclude Include="src\sail\graphics\geometry\factory\InstancedParticleModel.h" />
    <ClInclude Include="src\sail\graphics\postprocessing\stages\FXAAStage.h" />
    <ClInclude Include="src\game\states\ScoreState.h" />
    <ClInclude Include="src\game\gamemodes\tdm\TeamDeathmatch.h" />
    <ClInclude Include="src\game\background\ScoreVisualization.h" />
    <ClInclude Include="src\game\objects\InstancedBlocks.h" />
    <ClInclude Include="src\sail\graphics\shader\deferred\DeferredInstancedGeometryShader.h" />
    <ClInclude Include="src\sail\graphics\shader\deferred\DynBlockDeferredInstancedGeometryShader.h" />
    <ClInclude Include="src\sail\graphics\geometry\factory\ConeModel.h" />
    <ClInclude Include="src\sail\graphics\postprocessing\stages\BlendStage.h" />
    <ClInclude Include="src\game\background\TimeVisualization.h" />
    <ClInclude Include="src\game\background\AnimatedTransform.h" />
  </ItemGroup>
  <ItemGroup>
    <Media Include="res\sounds\ambient\loop1.wav" />
    <Media Include="res\sounds\ambient\loop2.wav" />
    <Media Include="res\sounds\ambient\theme.wav" />
    <Media Include="res\sounds\effect\death\male_death.wav" />
    <Media Include="res\sounds\effect\death\goblin_death.wav" />
    <Media Include="res\sounds\effect\explosion2.wav" />
    <Media Include="res\sounds\effect\laser.wav" />
    <Media Include="res\sounds\effect\pickup.wav" />
    <Media Include="res\sounds\effect\shock.wav" />
    <Media Include="res\sounds\effect\explosion.wav" />
    <Media Include="res\sounds\ambient\windows95.wav" />
    <ClInclude Include="src\game\collision\CollisionHandler.h" />
    <ClInclude Include="src\game\gamemodes\Gamemode.h" />
    <ClInclude Include="src\game\gamemodes\payload\PayloadGamemode.h" />
    <ClInclude Include="src\game\gamemodes\payload\ControlNode.h" />
    <ClInclude Include="src\game\CharacterHandler.h" />
    <ClInclude Include="src\sail\Input.h" />
    <ClInclude Include="src\sail\resources\audio\SoundManager.h" />
    <ClInclude Include="src\sail\graphics\shader\instanced\ParticleShader.h" />
    <ClInclude Include="src\sail\graphics\Particle.h" />
    <ClInclude Include="src\sail\graphics\ParticleEmitter.h" />
    <ClInclude Include="src\game\ParticleHandler.h" />
    <ClInclude Include="src\sail\resources\audio\Sound.h" />
    <ClInclude Include="src\sail\resources\audio\AmbientSound.h" />
    <ClInclude Include="src\game\gamemodes\deathmatch\Deathmatch.h" />
    <Media Include="res\sounds\effect\hook_hit.wav" />
    <Media Include="res\sounds\effect\hook_shot.wav" />
    <Media Include="res\sounds\ambient\ambient_capture.wav" />
    <Media Include="res\sounds\ambient\battle_sound.wav" />
    <Media Include="res\sounds\effect\implosion.wav" />
  </ItemGroup>
  <ItemGroup>
    <None Include="packages.config" />
    <None Include="res\levels\speedrun.level" />
    <None Include="res\levels\sprint_demo.level" />
    <None Include="res\levels\symmetric.level" />
    <None Include="res\levels\the_void.level" />
    <None Include="res\models\box.fbx" />
    <None Include="res\models\capture_point.fbx" />
    <None Include="res\models\monkey.fbx" />
  </ItemGroup>
</Project>