<?xml version="1.0" encoding="utf-8"?>
<Project ToolsVersion="4.0" xmlns="http://schemas.microsoft.com/developer/msbuild/2003">
  <ItemGroup>
    <FxCompile Include="res\shaders\DirectionalLightShader.hlsl" />
    <FxCompile Include="res\shaders\SimpleColorShader.hlsl" />
    <FxCompile Include="res\shaders\SimpleTextureShader.hlsl" />
    <FxCompile Include="res\shaders\MaterialShader.hlsl" />
    <FxCompile Include="res\shaders\Phong.hlsl" />
    <FxCompile Include="res\shaders\CubeMapShader.hlsl" />
    <FxCompile Include="res\shaders\deferred\DirectionalLightShader.hlsl" />
    <FxCompile Include="res\shaders\deferred\GeometryShader.hlsl" />
    <FxCompile Include="res\shaders\deferred\PointLightShader.hlsl" />
    <FxCompile Include="res\shaders\DepthShader.hlsl" />
  </ItemGroup>
  <ItemGroup>
    <ClCompile Include="src\Main.cpp" />
    <ClCompile Include="src\sail\Application.cpp" />
    <ClCompile Include="src\sail\DXManager.cpp" />
    <ClCompile Include="src\sail\graphics\geometry\Model.cpp" />
    <ClCompile Include="src\sail\graphics\models\FbxModel.cpp" />
    <ClCompile Include="src\sail\graphics\Scene.cpp" />
    <ClCompile Include="src\sail\graphics\shader\basic\DirectionalLightShader.cpp" />
    <ClCompile Include="src\sail\graphics\shader\basic\SimpleColorShader.cpp" />
    <ClCompile Include="src\sail\graphics\shader\basic\SimpleTextureShader.cpp" />
    <ClCompile Include="src\sail\graphics\shader\component\ConstantBuffer.cpp" />
    <ClCompile Include="src\sail\graphics\shader\component\Sampler.cpp" />
    <ClCompile Include="src\sail\graphics\shader\PixelShader.cpp" />
    <ClCompile Include="src\sail\graphics\shader\ShaderSet.cpp" />
    <ClCompile Include="src\sail\graphics\shader\VertexShader.cpp" />
    <ClCompile Include="src\sail\resources\DXTexture.cpp" />
    <ClCompile Include="src\sail\resources\loaders\TGALoader.cpp" />
    <ClCompile Include="src\sail\resources\parsers\FBXParser.cpp" />
    <ClCompile Include="src\sail\resources\TextureData.cpp" />
    <ClCompile Include="src\sail\Win32Window.cpp" />
    <ClCompile Include="src\sail\graphics\RenderableTexture.cpp" />
    <ClCompile Include="src\sail\graphics\camera\FlyingCameraController.cpp" />
    <ClCompile Include="src\sail\graphics\text\SailFont.cpp" />
    <ClCompile Include="src\sail\graphics\text\Text.cpp" />
    <ClCompile Include="src\sail\graphics\geometry\Material.cpp" />
    <ClCompile Include="src\sail\graphics\shader\material\MaterialShader.cpp" />
    <ClCompile Include="src\sail\graphics\Lights.cpp" />
    <ClCompile Include="src\sail\resources\DXCubeMap.cpp" />
    <ClCompile Include="src\sail\graphics\shader\basic\CubeMapShader.cpp" />
    <ClCompile Include="src\sail\graphics\Skybox.cpp" />
    <ClCompile Include="src\sail\graphics\shader\GeometryShader.cpp" />
    <ClCompile Include="src\sail\graphics\geometry\spatial\Quadtree.cpp" />
    <ClCompile Include="src\sail\graphics\geometry\spatial\AABB.cpp" />
    <ClCompile Include="src\sail\graphics\renderer\DeferredRenderer.cpp" />
    <ClCompile Include="src\sail\graphics\shader\deferred\DeferredGeometryShader.cpp" />
    <ClCompile Include="src\sail\utils\Utils.cpp" />
    <ClCompile Include="src\sail\graphics\shader\deferred\DeferredDirectionalLightShader.cpp" />
    <ClCompile Include="src\sail\graphics\shader\deferred\DeferredPointLightShader.cpp" />
    <ClCompile Include="src\sail\graphics\shader\DomainShader.cpp" />
    <ClCompile Include="src\sail\graphics\shader\HullShader.cpp" />
    <ClCompile Include="src\sail\graphics\shader\ComputeShader.cpp" />
    <ClCompile Include="src\sail\graphics\shader\basic\DepthShader.cpp" />
    <ClCompile Include="src\sail\graphics\shadows\DirLightShadowMap.cpp" />
    <ClCompile Include="src\sail\graphics\shadows\ShadowMap.cpp" />
    <ClCompile Include="src\game\Game.cpp" />
    <ClCompile Include="src\game\PlayerCameraController.cpp" />
    <ClCompile Include="src\game\objects\common\Object.cpp" />
    <ClCompile Include="src\game\states\GameState.cpp" />
    <ClCompile Include="src\sail\states\State.cpp" />
    <ClCompile Include="src\sail\states\StateStack.cpp" />
    <ClCompile Include="src\game\objects\Character.cpp" />
    <ClCompile Include="src\game\objects\Block.cpp" />
    <ClCompile Include="src\game\level\Level.cpp" />
    <ClCompile Include="src\game\objects\common\Moveable.cpp" />
    <ClCompile Include="src\game\level\Grid.cpp" />
    <ClCompile Include="src\game\objects\Weapon.cpp" />
  </ItemGroup>
  <ItemGroup>
    <ClInclude Include="src\sail\Application.h" />
    <ClInclude Include="src\sail\DXManager.h" />
    <ClInclude Include="src\sail\graphics\geometry\factory\CubeModel.h" />
    <ClInclude Include="src\sail\graphics\geometry\factory\PlaneModel.h" />
    <ClInclude Include="src\sail\graphics\geometry\Model.h" />
    <ClInclude Include="src\sail\graphics\geometry\Transform.h" />
    <ClInclude Include="src\sail\graphics\models\FbxModel.h" />
    <ClInclude Include="src\sail\graphics\Scene.h" />
    <ClInclude Include="src\sail\graphics\shader\basic\DirectionalLightShader.h" />
    <ClInclude Include="src\sail\graphics\shader\basic\SimpleColorShader.h" />
    <ClInclude Include="src\sail\graphics\shader\basic\SimpleTextureShader.h" />
    <ClInclude Include="src\sail\graphics\shader\component\ConstantBuffer.h" />
    <ClInclude Include="src\sail\graphics\shader\component\Sampler.h" />
    <ClInclude Include="src\sail\graphics\shader\PixelShader.h" />
    <ClInclude Include="src\sail\graphics\shader\ShaderSet.h" />
    <ClInclude Include="src\sail\graphics\shader\VertexShader.h" />
    <ClInclude Include="src\sail\resources\DXTexture.h" />
    <ClInclude Include="src\sail\resources\loaders\TGALoader.h" />
    <ClInclude Include="src\sail\resources\parsers\FBXParser.h" />
    <ClInclude Include="src\sail\resources\ResourceFormat.h" />
    <ClInclude Include="src\sail\resources\ResourceManager.h" />
    <ClInclude Include="src\sail\resources\TextureData.h" />
    <ClInclude Include="src\sail\Sail.h" />
    <ClInclude Include="src\sail\utils\Timer.h" />
    <ClInclude Include="src\sail\utils\Utils.h" />
    <ClInclude Include="src\sail\Win32Window.h" />
    <ClInclude Include="src\sail\graphics\RenderableTexture.h" />
    <ClInclude Include="src\sail\graphics\camera\Camera.h" />
    <ClInclude Include="src\sail\graphics\camera\CameraController.h" />
    <ClInclude Include="src\sail\graphics\camera\FlyingCameraController.h" />
    <ClInclude Include="src\sail\graphics\camera\OrthographicCamera.h" />
    <ClInclude Include="src\sail\graphics\camera\PerspectiveCamera.h" />
    <ClInclude Include="src\sail\graphics\text\SailFont.h" />
    <ClInclude Include="src\sail\graphics\text\Text.h" />
    <ClInclude Include="src\sail\graphics\geometry\Material.h" />
    <ClInclude Include="src\sail\graphics\shader\material\MaterialShader.h" />
    <ClInclude Include="src\sail\graphics\Lights.h" />
    <ClInclude Include="src\sail\resources\DXCubeMap.h" />
    <ClInclude Include="src\sail\graphics\shader\basic\CubeMapShader.h" />
    <ClInclude Include="src\sail\graphics\Skybox.h" />
    <ClInclude Include="src\sail\graphics\shader\GeometryShader.h" />
    <ClInclude Include="src\sail\graphics\geometry\spatial\AABB.h" />
    <ClInclude Include="src\sail\graphics\geometry\spatial\Quadtree.h" />
    <ClInclude Include="src\sail\graphics\renderer\DeferredRenderer.h" />
    <ClInclude Include="src\sail\graphics\shader\deferred\DeferredGeometryShader.h" />
    <ClInclude Include="src\sail\graphics\geometry\factory\SphereModel.h" />
    <ClInclude Include="src\sail\graphics\shader\deferred\DeferredDirectionalLightShader.h" />
    <ClInclude Include="src\sail\graphics\shader\deferred\DeferredPointLightShader.h" />
    <ClInclude Include="src\sail\graphics\shader\DomainShader.h" />
    <ClInclude Include="src\sail\graphics\shader\HullShader.h" />
    <ClInclude Include="src\sail\graphics\shader\component\BindShader.h" />
    <ClInclude Include="src\sail\graphics\shader\ComputeShader.h" />
    <ClInclude Include="src\sail\graphics\shader\basic\DepthShader.h" />
    <ClInclude Include="src\sail\graphics\shadows\DirLightShadowMap.h" />
    <ClInclude Include="src\sail\graphics\shadows\ShadowMap.h" />
    <ClInclude Include="src\game\PlayerCameraController.h" />
    <ClInclude Include="src\game\Game.h" />
    <ClInclude Include="src\game\objects\common\Object.h" />
    <ClInclude Include="src\game\states\GameState.h" />
    <ClInclude Include="src\sail\states\State.h" />
    <ClInclude Include="src\sail\states\StateIdentifiers.h" />
    <ClInclude Include="src\sail\states\StateStack.h" />
    <ClInclude Include="src\game\objects\common\Moveable.h" />
    <ClInclude Include="src\game\objects\Character.h" />
    <ClInclude Include="src\game\objects\Block.h" />
    <ClInclude Include="src\game\level\Level.h" />
    <ClInclude Include="src\game\level\Grid.h" />
    <ClInclude Include="src\game\objects\Weapon.h" />
  </ItemGroup>
  <ItemGroup>
    <None Include="res\models\box.fbx" />
    <None Include="res\models\monkey.fbx" />
    <None Include="ClassDiagram.cd" />
    <None Include="packages.config" />
    <None Include="res\levels\the_void.level" />
  </ItemGroup>
</Project>